
Microsoft Visual Studio Solution File, Format Version 12.00
# Visual Studio 15
VisualStudioVersion = 15.0.28307.852
MinimumVisualStudioVersion = 10.0.40219.1
Project("{FAE04EC0-301F-11D3-BF4B-00C04F79EFBC}") = "Jenkin_MVC_CI_CD", "Jenkin_MVC_CI_CD\Jenkin_MVC_CI_CD.csproj", "{45BE508D-4030-4FC5-BE9A-0AFC3400C901}"
EndProject
Global
	GlobalSection(SolutionConfigurationPlatforms) = preSolution
		Debug|Any CPU = Debug|Any CPU
		Release|Any CPU = Release|Any CPU
	EndGlobalSection
	GlobalSection(ProjectConfigurationPlatforms) = postSolution
		{45BE508D-4030-4FC5-BE9A-0AFC3400C901}.Debug|Any CPU.ActiveCfg = Debug|Any CPU
		{45BE508D-4030-4FC5-BE9A-0AFC3400C901}.Debug|Any CPU.Build.0 = Debug|Any CPU
		{45BE508D-4030-4FC5-BE9A-0AFC3400C901}.Release|Any CPU.ActiveCfg = Release|Any CPU
		{45BE508D-4030-4FC5-BE9A-0AFC3400C901}.Release|Any CPU.Build.0 = Release|Any CPU
	EndGlobalSection
	GlobalSection(SolutionProperties) = preSolution
		HideSolutionNode = FALSE
	EndGlobalSection
	GlobalSection(ExtensibilityGlobals) = postSolution
		SolutionGuid = {1FEE72B2-04AD-434A-AD63-D6980C53573A}
	EndGlobalSection
EndGlobal
